
Microsoft Visual Studio Solution File, Format Version 12.00
# Visual Studio Version 17
VisualStudioVersion = 17.13.35931.197 d17.13
MinimumVisualStudioVersion = 10.0.40219.1
Project("{FAE04EC0-301F-11D3-BF4B-00C04F79EFBC}") = "ProductManagerSystem", "ProductManagerSystem\ProductManagerSystem.csproj", "{CA29E5AD-5B27-4245-AE38-20E5F7DAB441}"
EndProject
Global
	GlobalSection(SolutionConfigurationPlatforms) = preSolution
		Debug|Any CPU = Debug|Any CPU
		Release|Any CPU = Release|Any CPU
	EndGlobalSection
	GlobalSection(ProjectConfigurationPlatforms) = postSolution
		{CA29E5AD-5B27-4245-AE38-20E5F7DAB441}.Debug|Any CPU.ActiveCfg = Debug|Any CPU
		{CA29E5AD-5B27-4245-AE38-20E5F7DAB441}.Debug|Any CPU.Build.0 = Debug|Any CPU
		{CA29E5AD-5B27-4245-AE38-20E5F7DAB441}.Release|Any CPU.ActiveCfg = Release|Any CPU
		{CA29E5AD-5B27-4245-AE38-20E5F7DAB441}.Release|Any CPU.Build.0 = Release|Any CPU
	EndGlobalSection
	GlobalSection(SolutionProperties) = preSolution
		HideSolutionNode = FALSE
	EndGlobalSection
	GlobalSection(ExtensibilityGlobals) = postSolution
		SolutionGuid = {6BAF0758-4DB7-4C75-84E8-23F99F12503C}
	EndGlobalSection
EndGlobal
